<?xml version="1.0" encoding="utf-8"?>
<Project ToolsVersion="4.0" xmlns="http://schemas.microsoft.com/developer/msbuild/2003">
  <ItemGroup>
    <ClCompile Include="ModelViewer.cpp" />
    <ClCompile Include="FeatureDemo.cpp" />
    <ClCompile Include="FeatureDemoControls.cpp" />
    <ClCompile Include="FeatureDemoSceneRenderer.cpp" />
    <ClCompile Include="Graphics\SunLight.cpp">
      <Filter>Graphics</Filter>
    </ClCompile>
    <ClCompile Include="Utils\SphericalCoordinates.cpp">
      <Filter>Utils</Filter>
    </ClCompile>
    <ClCompile Include="Utils\Spectrum.cpp">
      <Filter>Utils</Filter>
    </ClCompile>
    <ClCompile Include="Graphics\HosekWilkie_SkylightModel\ArHosekSkyModel.cpp">
      <Filter>Graphics\HosekWilkie_SkylightModel</Filter>
    </ClCompile>
    <ClCompile Include="Utils\Photometric.cpp">
      <Filter>Utils</Filter>
    </ClCompile>
    <ClCompile Include="Effects\Clouds\Clouds.cpp">
      <Filter>Effects\Clouds</Filter>
    </ClCompile>
  </ItemGroup>
  <ItemGroup>
    <ClInclude Include="ModelViewer.h" />
    <ClInclude Include="FeatureDemo.h" />
    <ClInclude Include="FeatureDemoSceneRenderer.h" />
    <ClInclude Include="Graphics\SunLight.h">
      <Filter>Graphics</Filter>
    </ClInclude>
    <ClInclude Include="Utils\SphericalCoordinates.h">
      <Filter>Utils</Filter>
    </ClInclude>
    <ClInclude Include="Utils\Spectrum.h">
      <Filter>Utils</Filter>
    </ClInclude>
    <ClInclude Include="Graphics\HosekWilkie_SkylightModel\ArHosekSkyModel.h">
      <Filter>Graphics\HosekWilkie_SkylightModel</Filter>
    </ClInclude>
    <ClInclude Include="Graphics\HosekWilkie_SkylightModel\ArHosekSkyModelData_CIEXYZ.h">
      <Filter>Graphics\HosekWilkie_SkylightModel</Filter>
    </ClInclude>
    <ClInclude Include="Graphics\HosekWilkie_SkylightModel\ArHosekSkyModelData_RGB.h">
      <Filter>Graphics\HosekWilkie_SkylightModel</Filter>
    </ClInclude>
    <ClInclude Include="Graphics\HosekWilkie_SkylightModel\ArHosekSkyModelData_Spectral.h">
      <Filter>Graphics\HosekWilkie_SkylightModel</Filter>
    </ClInclude>
    <ClInclude Include="Utils\Photometric.h">
      <Filter>Utils</Filter>
    </ClInclude>
    <ClInclude Include="Effects\Clouds\Clouds.h">
      <Filter>Effects\Clouds</Filter>
    </ClInclude>
  </ItemGroup>
  <ItemGroup>
    <Filter Include="Data">
      <UniqueIdentifier>{9ebcbc81-bc48-4077-9ddb-bafc37989163}</UniqueIdentifier>
    </Filter>
    <Filter Include="Graphics">
      <UniqueIdentifier>{3996b25b-062b-4cfb-b0cf-6533d8fd539d}</UniqueIdentifier>
    </Filter>
    <Filter Include="Utils">
      <UniqueIdentifier>{a48da29c-d12f-43c6-80d4-ac57c838c63a}</UniqueIdentifier>
    </Filter>
    <Filter Include="Graphics\HosekWilkie_SkylightModel">
      <UniqueIdentifier>{d2c87876-15bd-45ce-a172-af7c6aa97815}</UniqueIdentifier>
    </Filter>
    <Filter Include="Effects">
      <UniqueIdentifier>{1c0f68d9-1ba4-44b8-b70e-029ff6a14e7f}</UniqueIdentifier>
    </Filter>
    <Filter Include="Effects\Clouds">
      <UniqueIdentifier>{815f6f0e-65b0-45e5-8401-d9d8cd936272}</UniqueIdentifier>
    </Filter>
    <Filter Include="Data\Effects">
      <UniqueIdentifier>{b078d2c8-0573-46bb-b037-99795f797b83}</UniqueIdentifier>
    </Filter>
  </ItemGroup>
  <ItemGroup>
    <None Include="Data\ModelViewer.ps.slang">
      <Filter>Data</Filter>
    </None>
    <None Include="Data\ApplyAO.ps.slang">
      <Filter>Data</Filter>
    </None>
    <None Include="Data\DepthPass.ps.slang">
      <Filter>Data</Filter>
    </None>
    <None Include="Data\DepthPass.vs.slang">
      <Filter>Data</Filter>
    </None>
    <None Include="Data\FeatureDemo.ps.slang">
      <Filter>Data</Filter>
    </None>
    <None Include="Data\FeatureDemo.vs.slang">
      <Filter>Data</Filter>
    </None>
    <None Include="Data\FeatureDemoCommon.hlsli">
      <Filter>Data</Filter>
    </None>
    <None Include="Data\Effects\Clouds.ps.slang">
      <Filter>Data\Effects</Filter>
    </None>
    <None Include="Data\Effects\Clouds.vs.slang">
      <Filter>Data\Effects</Filter>
    </None>
    <None Include="Data\Effects\CloudsCommon.hlsli">
      <Filter>Data\Effects</Filter>
    </None>
  </ItemGroup>
  <ItemGroup>
    <Text Include="Graphics\HosekWilkie_SkylightModel\README.txt">
      <Filter>Graphics\HosekWilkie_SkylightModel</Filter>
    </Text>
  </ItemGroup>
</Project>